{
  "name": "node.js",
  "lockfileVersion": 3,
  "requires": true,
  "packages": {
    "": {
      "dependencies": {
        "ntp-time": "^2.0.2"
      }
    },
    "node_modules/ntp-time": {
      "version": "2.0.2",
      "resolved": "https://registry.npmjs.org/ntp-time/-/ntp-time-2.0.2.tgz",
      "integrity": "sha512-65ZK/Vnpwk9ib664UFv9+E1ifk0SyeAB5nIc/v+BTMKqPvb0LODamyEiMNSgIb2Iov4fKZGt3z0CsYgAzNqIIg=="
    }
  }
}
